
Microsoft Visual Studio Solution File, Format Version 12.00
# Visual Studio Version 16
VisualStudioVersion = 16.0.33214.272
MinimumVisualStudioVersion = 10.0.40219.1
Project("{FAE04EC0-301F-11D3-BF4B-00C04F79EFBC}") = "e-TicketsApplication", "e-TicketsApplication\e-TicketsApplication.csproj", "{DC4CD462-DAC2-4468-BDDD-5A162F820F2B}"
EndProject
Global
	GlobalSection(SolutionConfigurationPlatforms) = preSolution
		Debug|Any CPU = Debug|Any CPU
		Release|Any CPU = Release|Any CPU
	EndGlobalSection
	GlobalSection(ProjectConfigurationPlatforms) = postSolution
		{DC4CD462-DAC2-4468-BDDD-5A162F820F2B}.Debug|Any CPU.ActiveCfg = Debug|Any CPU
		{DC4CD462-DAC2-4468-BDDD-5A162F820F2B}.Debug|Any CPU.Build.0 = Debug|Any CPU
		{DC4CD462-DAC2-4468-BDDD-5A162F820F2B}.Release|Any CPU.ActiveCfg = Release|Any CPU
		{DC4CD462-DAC2-4468-BDDD-5A162F820F2B}.Release|Any CPU.Build.0 = Release|Any CPU
	EndGlobalSection
	GlobalSection(SolutionProperties) = preSolution
		HideSolutionNode = FALSE
	EndGlobalSection
	GlobalSection(ExtensibilityGlobals) = postSolution
		SolutionGuid = {2EBF1C46-EC75-43DF-8E54-3C04D01F971C}
	EndGlobalSection
EndGlobal
